
Microsoft Visual Studio Solution File, Format Version 12.00
# Visual Studio Version 17
VisualStudioVersion = 17.4.33403.182
MinimumVisualStudioVersion = 10.0.40219.1
Project("{FAE04EC0-301F-11D3-BF4B-00C04F79EFBC}") = "SysLog", "SysLog\SysLog.csproj", "{CB3ACDBB-1938-4D7C-87DF-D1E1EBB4C8E7}"
EndProject
Global
	GlobalSection(SolutionConfigurationPlatforms) = preSolution
		Debug|Any CPU = Debug|Any CPU
		Release|Any CPU = Release|Any CPU
	EndGlobalSection
	GlobalSection(ProjectConfigurationPlatforms) = postSolution
		{CB3ACDBB-1938-4D7C-87DF-D1E1EBB4C8E7}.Debug|Any CPU.ActiveCfg = Debug|Any CPU
		{CB3ACDBB-1938-4D7C-87DF-D1E1EBB4C8E7}.Debug|Any CPU.Build.0 = Debug|Any CPU
		{CB3ACDBB-1938-4D7C-87DF-D1E1EBB4C8E7}.Release|Any CPU.ActiveCfg = Release|Any CPU
		{CB3ACDBB-1938-4D7C-87DF-D1E1EBB4C8E7}.Release|Any CPU.Build.0 = Release|Any CPU
	EndGlobalSection
	GlobalSection(SolutionProperties) = preSolution
		HideSolutionNode = FALSE
	EndGlobalSection
	GlobalSection(ExtensibilityGlobals) = postSolution
		SolutionGuid = {ECB9EE3C-B771-45AC-926E-B5164A98495A}
	EndGlobalSection
EndGlobal
